
Microsoft Visual Studio Solution File, Format Version 12.00
# Visual Studio Version 17
VisualStudioVersion = 17.6.33801.468
MinimumVisualStudioVersion = 10.0.40219.1
Project("{FAE04EC0-301F-11D3-BF4B-00C04F79EFBC}") = "мдк3.1_пр4", "мдк3.1_пр4\мдк3.1_пр4.csproj", "{6E79D4D5-81DC-4D51-923A-0F4E24E93325}"
EndProject
Global
	GlobalSection(SolutionConfigurationPlatforms) = preSolution
		Debug|Any CPU = Debug|Any CPU
		Release|Any CPU = Release|Any CPU
	EndGlobalSection
	GlobalSection(ProjectConfigurationPlatforms) = postSolution
		{6E79D4D5-81DC-4D51-923A-0F4E24E93325}.Debug|Any CPU.ActiveCfg = Debug|Any CPU
		{6E79D4D5-81DC-4D51-923A-0F4E24E93325}.Debug|Any CPU.Build.0 = Debug|Any CPU
		{6E79D4D5-81DC-4D51-923A-0F4E24E93325}.Release|Any CPU.ActiveCfg = Release|Any CPU
		{6E79D4D5-81DC-4D51-923A-0F4E24E93325}.Release|Any CPU.Build.0 = Release|Any CPU
	EndGlobalSection
	GlobalSection(SolutionProperties) = preSolution
		HideSolutionNode = FALSE
	EndGlobalSection
	GlobalSection(ExtensibilityGlobals) = postSolution
		SolutionGuid = {66A08022-F84D-4BD4-8DB3-67FDD1E3695C}
	EndGlobalSection
EndGlobal
